// !$*UTF8*$!
{
	archiveVersion = 1;
	classes = {
	};
	objectVersion = 50;
	objects = {

/* Begin PBXBuildFile section */
		ECF24B5926CA99D5000F4354 /* AppDelegate.swift in Sources */ = {isa = PBXBuildFile; fileRef = ECF24B5826CA99D5000F4354 /* AppDelegate.swift */; };
		ECF24B5B26CA99D5000F4354 /* SceneDelegate.swift in Sources */ = {isa = PBXBuildFile; fileRef = ECF24B5A26CA99D5000F4354 /* SceneDelegate.swift */; };
		ECF24B5D26CA99D5000F4354 /* ViewController.swift in Sources */ = {isa = PBXBuildFile; fileRef = ECF24B5C26CA99D5000F4354 /* ViewController.swift */; };
		ECF24B6026CA99D5000F4354 /* Main.storyboard in Resources */ = {isa = PBXBuildFile; fileRef = ECF24B5E26CA99D5000F4354 /* Main.storyboard */; };
		ECF24B6226CA99D5000F4354 /* Assets.xcassets in Resources */ = {isa = PBXBuildFile; fileRef = ECF24B6126CA99D5000F4354 /* Assets.xcassets */; };
		ECF24B6526CA99D5000F4354 /* LaunchScreen.storyboard in Resources */ = {isa = PBXBuildFile; fileRef = ECF24B6326CA99D5000F4354 /* LaunchScreen.storyboard */; };
		ECF24B7B26CAC008000F4354 /* ListViewController.swift in Sources */ = {isa = PBXBuildFile; fileRef = ECF24B7A26CAC008000F4354 /* ListViewController.swift */; };
		ECF24B7D26CAC010000F4354 /* PlusViewController.swift in Sources */ = {isa = PBXBuildFile; fileRef = ECF24B7C26CAC010000F4354 /* PlusViewController.swift */; };
		ECF24B7F26CAC1F4000F4354 /* Const.swift in Sources */ = {isa = PBXBuildFile; fileRef = ECF24B7E26CAC1F4000F4354 /* Const.swift */; };
		ECF24B8126CAC21C000F4354 /* Xib.swift in Sources */ = {isa = PBXBuildFile; fileRef = ECF24B8026CAC21C000F4354 /* Xib.swift */; };
		ECF24B8326CAC23C000F4354 /* Storyboard.swift in Sources */ = {isa = PBXBuildFile; fileRef = ECF24B8226CAC23C000F4354 /* Storyboard.swift */; };
		ECF24B8526CAC24E000F4354 /* ViewControllers.swift in Sources */ = {isa = PBXBuildFile; fileRef = ECF24B8426CAC24E000F4354 /* ViewControllers.swift */; };
		ECF24B8826CADD05000F4354 /* PlusTableViewCell.swift in Sources */ = {isa = PBXBuildFile; fileRef = ECF24B8626CADD05000F4354 /* PlusTableViewCell.swift */; };
		ECF24B8926CADD05000F4354 /* PlusTableViewCell.xib in Resources */ = {isa = PBXBuildFile; fileRef = ECF24B8726CADD05000F4354 /* PlusTableViewCell.xib */; };
		ECF24B8B26CADED0000F4354 /* Model.swift in Sources */ = {isa = PBXBuildFile; fileRef = ECF24B8A26CADED0000F4354 /* Model.swift */; };
		ECF24B8F26CBBBB2000F4354 /* ListTableViewCell.swift in Sources */ = {isa = PBXBuildFile; fileRef = ECF24B8D26CBBBB2000F4354 /* ListTableViewCell.swift */; };
		ECF24B9026CBBBB2000F4354 /* ListTableViewCell.xib in Resources */ = {isa = PBXBuildFile; fileRef = ECF24B8E26CBBBB2000F4354 /* ListTableViewCell.xib */; };
		ECF24B9326CBE423000F4354 /* MainCollectionViewCell.swift in Sources */ = {isa = PBXBuildFile; fileRef = ECF24B9126CBE423000F4354 /* MainCollectionViewCell.swift */; };
		ECF24B9426CBE423000F4354 /* MainCollectionViewCell.xib in Resources */ = {isa = PBXBuildFile; fileRef = ECF24B9226CBE423000F4354 /* MainCollectionViewCell.xib */; };
		ECF24B9926CC22E3000F4354 /* HightlightCollectionViewCell.swift in Sources */ = {isa = PBXBuildFile; fileRef = ECF24B9726CC22E3000F4354 /* HightlightCollectionViewCell.swift */; };
		ECF24B9A26CC22E3000F4354 /* HightlightCollectionViewCell.xib in Resources */ = {isa = PBXBuildFile; fileRef = ECF24B9826CC22E3000F4354 /* HightlightCollectionViewCell.xib */; };
		ECF24B9D26CC27BB000F4354 /* StoryCollectionViewCell.swift in Sources */ = {isa = PBXBuildFile; fileRef = ECF24B9B26CC27BB000F4354 /* StoryCollectionViewCell.swift */; };
		ECF24B9E26CC27BB000F4354 /* StoryCollectionViewCell.xib in Resources */ = {isa = PBXBuildFile; fileRef = ECF24B9C26CC27BB000F4354 /* StoryCollectionViewCell.xib */; };
/* End PBXBuildFile section */

/* Begin PBXFileReference section */
		ECF24B5526CA99D5000F4354 /* InstagramProfile.app */ = {isa = PBXFileReference; explicitFileType = wrapper.application; includeInIndex = 0; path = InstagramProfile.app; sourceTree = BUILT_PRODUCTS_DIR; };
		ECF24B5826CA99D5000F4354 /* AppDelegate.swift */ = {isa = PBXFileReference; lastKnownFileType = sourcecode.swift; path = AppDelegate.swift; sourceTree = "<group>"; };
		ECF24B5A26CA99D5000F4354 /* SceneDelegate.swift */ = {isa = PBXFileReference; lastKnownFileType = sourcecode.swift; path = SceneDelegate.swift; sourceTree = "<group>"; };
		ECF24B5C26CA99D5000F4354 /* ViewController.swift */ = {isa = PBXFileReference; lastKnownFileType = sourcecode.swift; path = ViewController.swift; sourceTree = "<group>"; };
		ECF24B5F26CA99D5000F4354 /* Base */ = {isa = PBXFileReference; lastKnownFileType = file.storyboard; name = Base; path = Base.lproj/Main.storyboard; sourceTree = "<group>"; };
		ECF24B6126CA99D5000F4354 /* Assets.xcassets */ = {isa = PBXFileReference; lastKnownFileType = folder.assetcatalog; path = Assets.xcassets; sourceTree = "<group>"; };
		ECF24B6426CA99D5000F4354 /* Base */ = {isa = PBXFileReference; lastKnownFileType = file.storyboard; name = Base; path = Base.lproj/LaunchScreen.storyboard; sourceTree = "<group>"; };
		ECF24B6626CA99D5000F4354 /* Info.plist */ = {isa = PBXFileReference; lastKnownFileType = text.plist.xml; path = Info.plist; sourceTree = "<group>"; };
		ECF24B7A26CAC008000F4354 /* ListViewController.swift */ = {isa = PBXFileReference; lastKnownFileType = sourcecode.swift; name = ListViewController.swift; path = InstagramProfile/Source/Cell/ListViewController.swift; sourceTree = SOURCE_ROOT; };
		ECF24B7C26CAC010000F4354 /* PlusViewController.swift */ = {isa = PBXFileReference; lastKnownFileType = sourcecode.swift; path = PlusViewController.swift; sourceTree = "<group>"; };
		ECF24B7E26CAC1F4000F4354 /* Const.swift */ = {isa = PBXFileReference; lastKnownFileType = sourcecode.swift; path = Const.swift; sourceTree = "<group>"; };
		ECF24B8026CAC21C000F4354 /* Xib.swift */ = {isa = PBXFileReference; lastKnownFileType = sourcecode.swift; path = Xib.swift; sourceTree = "<group>"; };
		ECF24B8226CAC23C000F4354 /* Storyboard.swift */ = {isa = PBXFileReference; lastKnownFileType = sourcecode.swift; path = Storyboard.swift; sourceTree = "<group>"; };
		ECF24B8426CAC24E000F4354 /* ViewControllers.swift */ = {isa = PBXFileReference; lastKnownFileType = sourcecode.swift; path = ViewControllers.swift; sourceTree = "<group>"; };
		ECF24B8626CADD05000F4354 /* PlusTableViewCell.swift */ = {isa = PBXFileReference; lastKnownFileType = sourcecode.swift; path = PlusTableViewCell.swift; sourceTree = "<group>"; };
		ECF24B8726CADD05000F4354 /* PlusTableViewCell.xib */ = {isa = PBXFileReference; lastKnownFileType = file.xib; path = PlusTableViewCell.xib; sourceTree = "<group>"; };
		ECF24B8A26CADED0000F4354 /* Model.swift */ = {isa = PBXFileReference; lastKnownFileType = sourcecode.swift; path = Model.swift; sourceTree = "<group>"; };
		ECF24B8D26CBBBB2000F4354 /* ListTableViewCell.swift */ = {isa = PBXFileReference; lastKnownFileType = sourcecode.swift; path = ListTableViewCell.swift; sourceTree = "<group>"; };
		ECF24B8E26CBBBB2000F4354 /* ListTableViewCell.xib */ = {isa = PBXFileReference; lastKnownFileType = file.xib; path = ListTableViewCell.xib; sourceTree = "<group>"; };
		ECF24B9126CBE423000F4354 /* MainCollectionViewCell.swift */ = {isa = PBXFileReference; lastKnownFileType = sourcecode.swift; path = MainCollectionViewCell.swift; sourceTree = "<group>"; };
		ECF24B9226CBE423000F4354 /* MainCollectionViewCell.xib */ = {isa = PBXFileReference; lastKnownFileType = file.xib; path = MainCollectionViewCell.xib; sourceTree = "<group>"; };
		ECF24B9726CC22E3000F4354 /* HightlightCollectionViewCell.swift */ = {isa = PBXFileReference; lastKnownFileType = sourcecode.swift; path = HightlightCollectionViewCell.swift; sourceTree = "<group>"; };
		ECF24B9826CC22E3000F4354 /* HightlightCollectionViewCell.xib */ = {isa = PBXFileReference; lastKnownFileType = file.xib; path = HightlightCollectionViewCell.xib; sourceTree = "<group>"; };
		ECF24B9B26CC27BB000F4354 /* StoryCollectionViewCell.swift */ = {isa = PBXFileReference; lastKnownFileType = sourcecode.swift; path = StoryCollectionViewCell.swift; sourceTree = "<group>"; };
		ECF24B9C26CC27BB000F4354 /* StoryCollectionViewCell.xib */ = {isa = PBXFileReference; lastKnownFileType = file.xib; path = StoryCollectionViewCell.xib; sourceTree = "<group>"; };
/* End PBXFileReference section */

/* Begin PBXFrameworksBuildPhase section */
		ECF24B5226CA99D5000F4354 /* Frameworks */ = {
			isa = PBXFrameworksBuildPhase;
			buildActionMask = 2147483647;
			files = (
			);
			runOnlyForDeploymentPostprocessing = 0;
		};
/* End PBXFrameworksBuildPhase section */

/* Begin PBXGroup section */
		ECF24B4C26CA99D5000F4354 = {
			isa = PBXGroup;
			children = (
				ECF24B5726CA99D5000F4354 /* InstagramProfile */,
				ECF24B5626CA99D5000F4354 /* Products */,
			);
			sourceTree = "<group>";
		};
		ECF24B5626CA99D5000F4354 /* Products */ = {
			isa = PBXGroup;
			children = (
				ECF24B5526CA99D5000F4354 /* InstagramProfile.app */,
			);
			name = Products;
			sourceTree = "<group>";
		};
		ECF24B5726CA99D5000F4354 /* InstagramProfile */ = {
			isa = PBXGroup;
			children = (
				ECF24B6C26CA9A75000F4354 /* Resource */,
				ECF24B6D26CA9A7B000F4354 /* Source */,
				ECF24B6626CA99D5000F4354 /* Info.plist */,
			);
			path = InstagramProfile;
			sourceTree = "<group>";
		};
		ECF24B6C26CA9A75000F4354 /* Resource */ = {
			isa = PBXGroup;
			children = (
				ECF24B7226CA9ABC000F4354 /* Constant */,
				ECF24B6F26CA9AAA000F4354 /* Stroyboard */,
				ECF24B6126CA99D5000F4354 /* Assets.xcassets */,
				ECF24B5A26CA99D5000F4354 /* SceneDelegate.swift */,
				ECF24B5826CA99D5000F4354 /* AppDelegate.swift */,
				ECF24B6326CA99D5000F4354 /* LaunchScreen.storyboard */,
			);
			path = Resource;
			sourceTree = "<group>";
		};
		ECF24B6D26CA9A7B000F4354 /* Source */ = {
			isa = PBXGroup;
			children = (
				ECF24B7126CA9AB8000F4354 /* Cell */,
				ECF24B7026CA9AB3000F4354 /* ViewController */,
			);
			path = Source;
			sourceTree = "<group>";
		};
		ECF24B6F26CA9AAA000F4354 /* Stroyboard */ = {
			isa = PBXGroup;
			children = (
				ECF24B5E26CA99D5000F4354 /* Main.storyboard */,
			);
			path = Stroyboard;
			sourceTree = "<group>";
		};
		ECF24B7026CA9AB3000F4354 /* ViewController */ = {
			isa = PBXGroup;
			children = (
				ECF24B5C26CA99D5000F4354 /* ViewController.swift */,
				ECF24B7C26CAC010000F4354 /* PlusViewController.swift */,
				ECF24B7A26CAC008000F4354 /* ListViewController.swift */,
			);
			path = ViewController;
			sourceTree = "<group>";
		};
		ECF24B7126CA9AB8000F4354 /* Cell */ = {
			isa = PBXGroup;
			children = (
				ECF24B9626CC223F000F4354 /* CollectionView */,
				ECF24B9526CC222E000F4354 /* TableView */,
			);
			path = Cell;
			sourceTree = "<group>";
		};
		ECF24B7226CA9ABC000F4354 /* Constant */ = {
			isa = PBXGroup;
			children = (
				ECF24B7E26CAC1F4000F4354 /* Const.swift */,
				ECF24B8026CAC21C000F4354 /* Xib.swift */,
				ECF24B8226CAC23C000F4354 /* Storyboard.swift */,
				ECF24B8426CAC24E000F4354 /* ViewControllers.swift */,
				ECF24B8A26CADED0000F4354 /* Model.swift */,
			);
			path = Constant;
			sourceTree = "<group>";
		};
		ECF24B9526CC222E000F4354 /* TableView */ = {
			isa = PBXGroup;
			children = (
				ECF24B8626CADD05000F4354 /* PlusTableViewCell.swift */,
				ECF24B8726CADD05000F4354 /* PlusTableViewCell.xib */,
				ECF24B8D26CBBBB2000F4354 /* ListTableViewCell.swift */,
				ECF24B8E26CBBBB2000F4354 /* ListTableViewCell.xib */,
			);
			path = TableView;
			sourceTree = "<group>";
		};
		ECF24B9626CC223F000F4354 /* CollectionView */ = {
			isa = PBXGroup;
			children = (
				ECF24B9126CBE423000F4354 /* MainCollectionViewCell.swift */,
				ECF24B9226CBE423000F4354 /* MainCollectionViewCell.xib */,
				ECF24B9726CC22E3000F4354 /* HightlightCollectionViewCell.swift */,
				ECF24B9826CC22E3000F4354 /* HightlightCollectionViewCell.xib */,
				ECF24B9B26CC27BB000F4354 /* StoryCollectionViewCell.swift */,
				ECF24B9C26CC27BB000F4354 /* StoryCollectionViewCell.xib */,
			);
			path = CollectionView;
			sourceTree = "<group>";
		};
/* End PBXGroup section */

/* Begin PBXNativeTarget section */
		ECF24B5426CA99D5000F4354 /* InstagramProfile */ = {
			isa = PBXNativeTarget;
			buildConfigurationList = ECF24B6926CA99D5000F4354 /* Build configuration list for PBXNativeTarget "InstagramProfile" */;
			buildPhases = (
				ECF24B5126CA99D5000F4354 /* Sources */,
				ECF24B5226CA99D5000F4354 /* Frameworks */,
				ECF24B5326CA99D5000F4354 /* Resources */,
			);
			buildRules = (
			);
			dependencies = (
			);
			name = InstagramProfile;
			productName = InstagramProfile;
			productReference = ECF24B5526CA99D5000F4354 /* InstagramProfile.app */;
			productType = "com.apple.product-type.application";
		};
/* End PBXNativeTarget section */

/* Begin PBXProject section */
		ECF24B4D26CA99D5000F4354 /* Project object */ = {
			isa = PBXProject;
			attributes = {
				LastSwiftUpdateCheck = 1250;
				LastUpgradeCheck = 1250;
				TargetAttributes = {
					ECF24B5426CA99D5000F4354 = {
						CreatedOnToolsVersion = 12.5.1;
					};
				};
			};
			buildConfigurationList = ECF24B5026CA99D5000F4354 /* Build configuration list for PBXProject "InstagramProfile" */;
			compatibilityVersion = "Xcode 9.3";
			developmentRegion = en;
			hasScannedForEncodings = 0;
			knownRegions = (
				en,
				Base,
			);
			mainGroup = ECF24B4C26CA99D5000F4354;
			productRefGroup = ECF24B5626CA99D5000F4354 /* Products */;
			projectDirPath = "";
			projectRoot = "";
			targets = (
				ECF24B5426CA99D5000F4354 /* InstagramProfile */,
			);
		};
/* End PBXProject section */

/* Begin PBXResourcesBuildPhase section */
		ECF24B5326CA99D5000F4354 /* Resources */ = {
			isa = PBXResourcesBuildPhase;
			buildActionMask = 2147483647;
			files = (
				ECF24B9A26CC22E3000F4354 /* HightlightCollectionViewCell.xib in Resources */,
				ECF24B6526CA99D5000F4354 /* LaunchScreen.storyboard in Resources */,
				ECF24B9426CBE423000F4354 /* MainCollectionViewCell.xib in Resources */,
				ECF24B8926CADD05000F4354 /* PlusTableViewCell.xib in Resources */,
				ECF24B9E26CC27BB000F4354 /* StoryCollectionViewCell.xib in Resources */,
				ECF24B6226CA99D5000F4354 /* Assets.xcassets in Resources */,
				ECF24B6026CA99D5000F4354 /* Main.storyboard in Resources */,
				ECF24B9026CBBBB2000F4354 /* ListTableViewCell.xib in Resources */,
			);
			runOnlyForDeploymentPostprocessing = 0;
		};
/* End PBXResourcesBuildPhase section */

/* Begin PBXSourcesBuildPhase section */
		ECF24B5126CA99D5000F4354 /* Sources */ = {
			isa = PBXSourcesBuildPhase;
			buildActionMask = 2147483647;
			files = (
				ECF24B5D26CA99D5000F4354 /* ViewController.swift in Sources */,
				ECF24B7D26CAC010000F4354 /* PlusViewController.swift in Sources */,
				ECF24B5926CA99D5000F4354 /* AppDelegate.swift in Sources */,
				ECF24B8826CADD05000F4354 /* PlusTableViewCell.swift in Sources */,
				ECF24B9926CC22E3000F4354 /* HightlightCollectionViewCell.swift in Sources */,
				ECF24B8526CAC24E000F4354 /* ViewControllers.swift in Sources */,
				ECF24B9326CBE423000F4354 /* MainCollectionViewCell.swift in Sources */,
				ECF24B8F26CBBBB2000F4354 /* ListTableViewCell.swift in Sources */,
				ECF24B8126CAC21C000F4354 /* Xib.swift in Sources */,
				ECF24B8326CAC23C000F4354 /* Storyboard.swift in Sources */,
				ECF24B9D26CC27BB000F4354 /* StoryCollectionViewCell.swift in Sources */,
				ECF24B7B26CAC008000F4354 /* ListViewController.swift in Sources */,
				ECF24B8B26CADED0000F4354 /* Model.swift in Sources */,
				ECF24B5B26CA99D5000F4354 /* SceneDelegate.swift in Sources */,
				ECF24B7F26CAC1F4000F4354 /* Const.swift in Sources */,
			);
			runOnlyForDeploymentPostprocessing = 0;
		};
/* End PBXSourcesBuildPhase section */

/* Begin PBXVariantGroup section */
		ECF24B5E26CA99D5000F4354 /* Main.storyboard */ = {
			isa = PBXVariantGroup;
			children = (
				ECF24B5F26CA99D5000F4354 /* Base */,
			);
			name = Main.storyboard;
			sourceTree = "<group>";
		};
		ECF24B6326CA99D5000F4354 /* LaunchScreen.storyboard */ = {
			isa = PBXVariantGroup;
			children = (
				ECF24B6426CA99D5000F4354 /* Base */,
			);
			name = LaunchScreen.storyboard;
			sourceTree = "<group>";
		};
/* End PBXVariantGroup section */

/* Begin XCBuildConfiguration section */
		ECF24B6726CA99D5000F4354 /* Debug */ = {
			isa = XCBuildConfiguration;
			buildSettings = {
				ALWAYS_SEARCH_USER_PATHS = NO;
				CLANG_ANALYZER_NONNULL = YES;
				CLANG_ANALYZER_NUMBER_OBJECT_CONVERSION = YES_AGGRESSIVE;
				CLANG_CXX_LANGUAGE_STANDARD = "gnu++14";
				CLANG_CXX_LIBRARY = "libc++";
				CLANG_ENABLE_MODULES = YES;
				CLANG_ENABLE_OBJC_ARC = YES;
				CLANG_ENABLE_OBJC_WEAK = YES;
				CLANG_WARN_BLOCK_CAPTURE_AUTORELEASING = YES;
				CLANG_WARN_BOOL_CONVERSION = YES;
				CLANG_WARN_COMMA = YES;
				CLANG_WARN_CONSTANT_CONVERSION = YES;
				CLANG_WARN_DEPRECATED_OBJC_IMPLEMENTATIONS = YES;
				CLANG_WARN_DIRECT_OBJC_ISA_USAGE = YES_ERROR;
				CLANG_WARN_DOCUMENTATION_COMMENTS = YES;
				CLANG_WARN_EMPTY_BODY = YES;
				CLANG_WARN_ENUM_CONVERSION = YES;
				CLANG_WARN_INFINITE_RECURSION = YES;
				CLANG_WARN_INT_CONVERSION = YES;
				CLANG_WARN_NON_LITERAL_NULL_CONVERSION = YES;
				CLANG_WARN_OBJC_IMPLICIT_RETAIN_SELF = YES;
				CLANG_WARN_OBJC_LITERAL_CONVERSION = YES;
				CLANG_WARN_OBJC_ROOT_CLASS = YES_ERROR;
				CLANG_WARN_QUOTED_INCLUDE_IN_FRAMEWORK_HEADER = YES;
				CLANG_WARN_RANGE_LOOP_ANALYSIS = YES;
				CLANG_WARN_STRICT_PROTOTYPES = YES;
				CLANG_WARN_SUSPICIOUS_MOVE = YES;
				CLANG_WARN_UNGUARDED_AVAILABILITY = YES_AGGRESSIVE;
				CLANG_WARN_UNREACHABLE_CODE = YES;
				CLANG_WARN__DUPLICATE_METHOD_MATCH = YES;
				COPY_PHASE_STRIP = NO;
				DEBUG_INFORMATION_FORMAT = dwarf;
				ENABLE_STRICT_OBJC_MSGSEND = YES;
				ENABLE_TESTABILITY = YES;
				GCC_C_LANGUAGE_STANDARD = gnu11;
				GCC_DYNAMIC_NO_PIC = NO;
				GCC_NO_COMMON_BLOCKS = YES;
				GCC_OPTIMIZATION_LEVEL = 0;
				GCC_PREPROCESSOR_DEFINITIONS = (
					"DEBUG=1",
					"$(inherited)",
				);
				GCC_WARN_64_TO_32_BIT_CONVERSION = YES;
				GCC_WARN_ABOUT_RETURN_TYPE = YES_ERROR;
				GCC_WARN_UNDECLARED_SELECTOR = YES;
				GCC_WARN_UNINITIALIZED_AUTOS = YES_AGGRESSIVE;
				GCC_WARN_UNUSED_FUNCTION = YES;
				GCC_WARN_UNUSED_VARIABLE = YES;
				IPHONEOS_DEPLOYMENT_TARGET = 14.5;
				MTL_ENABLE_DEBUG_INFO = INCLUDE_SOURCE;
				MTL_FAST_MATH = YES;
				ONLY_ACTIVE_ARCH = YES;
				SDKROOT = iphoneos;
				SWIFT_ACTIVE_COMPILATION_CONDITIONS = DEBUG;
				SWIFT_OPTIMIZATION_LEVEL = "-Onone";
			};
			name = Debug;
		};
		ECF24B6826CA99D5000F4354 /* Release */ = {
			isa = XCBuildConfiguration;
			buildSettings = {
				ALWAYS_SEARCH_USER_PATHS = NO;
				CLANG_ANALYZER_NONNULL = YES;
				CLANG_ANALYZER_NUMBER_OBJECT_CONVERSION = YES_AGGRESSIVE;
				CLANG_CXX_LANGUAGE_STANDARD = "gnu++14";
				CLANG_CXX_LIBRARY = "libc++";
				CLANG_ENABLE_MODULES = YES;
				CLANG_ENABLE_OBJC_ARC = YES;
				CLANG_ENABLE_OBJC_WEAK = YES;
				CLANG_WARN_BLOCK_CAPTURE_AUTORELEASING = YES;
				CLANG_WARN_BOOL_CONVERSION = YES;
				CLANG_WARN_COMMA = YES;
				CLANG_WARN_CONSTANT_CONVERSION = YES;
				CLANG_WARN_DEPRECATED_OBJC_IMPLEMENTATIONS = YES;
				CLANG_WARN_DIRECT_OBJC_ISA_USAGE = YES_ERROR;
				CLANG_WARN_DOCUMENTATION_COMMENTS = YES;
				CLANG_WARN_EMPTY_BODY = YES;
				CLANG_WARN_ENUM_CONVERSION = YES;
				CLANG_WARN_INFINITE_RECURSION = YES;
				CLANG_WARN_INT_CONVERSION = YES;
				CLANG_WARN_NON_LITERAL_NULL_CONVERSION = YES;
				CLANG_WARN_OBJC_IMPLICIT_RETAIN_SELF = YES;
				CLANG_WARN_OBJC_LITERAL_CONVERSION = YES;
				CLANG_WARN_OBJC_ROOT_CLASS = YES_ERROR;
				CLANG_WARN_QUOTED_INCLUDE_IN_FRAMEWORK_HEADER = YES;
				CLANG_WARN_RANGE_LOOP_ANALYSIS = YES;
				CLANG_WARN_STRICT_PROTOTYPES = YES;
				CLANG_WARN_SUSPICIOUS_MOVE = YES;
				CLANG_WARN_UNGUARDED_AVAILABILITY = YES_AGGRESSIVE;
				CLANG_WARN_UNREACHABLE_CODE = YES;
				CLANG_WARN__DUPLICATE_METHOD_MATCH = YES;
				COPY_PHASE_STRIP = NO;
				DEBUG_INFORMATION_FORMAT = "dwarf-with-dsym";
				ENABLE_NS_ASSERTIONS = NO;
				ENABLE_STRICT_OBJC_MSGSEND = YES;
				GCC_C_LANGUAGE_STANDARD = gnu11;
				GCC_NO_COMMON_BLOCKS = YES;
				GCC_WARN_64_TO_32_BIT_CONVERSION = YES;
				GCC_WARN_ABOUT_RETURN_TYPE = YES_ERROR;
				GCC_WARN_UNDECLARED_SELECTOR = YES;
				GCC_WARN_UNINITIALIZED_AUTOS = YES_AGGRESSIVE;
				GCC_WARN_UNUSED_FUNCTION = YES;
				GCC_WARN_UNUSED_VARIABLE = YES;
				IPHONEOS_DEPLOYMENT_TARGET = 14.5;
				MTL_ENABLE_DEBUG_INFO = NO;
				MTL_FAST_MATH = YES;
				SDKROOT = iphoneos;
				SWIFT_COMPILATION_MODE = wholemodule;
				SWIFT_OPTIMIZATION_LEVEL = "-O";
				VALIDATE_PRODUCT = YES;
			};
			name = Release;
		};
		ECF24B6A26CA99D5000F4354 /* Debug */ = {
			isa = XCBuildConfiguration;
			buildSettings = {
				ASSETCATALOG_COMPILER_APPICON_NAME = AppIcon;
				ASSETCATALOG_COMPILER_GLOBAL_ACCENT_COLOR_NAME = AccentColor;
				CODE_SIGN_STYLE = Automatic;
				DEVELOPMENT_TEAM = RQHZUCMHSH;
				INFOPLIST_FILE = InstagramProfile/Info.plist;
				LD_RUNPATH_SEARCH_PATHS = (
					"$(inherited)",
					"@executable_path/Frameworks",
				);
				PRODUCT_BUNDLE_IDENTIFIER = seungchan.InstagramProfile;
				PRODUCT_NAME = "$(TARGET_NAME)";
				SWIFT_VERSION = 5.0;
				TARGETED_DEVICE_FAMILY = "1,2";
			};
			name = Debug;
		};
		ECF24B6B26CA99D5000F4354 /* Release */ = {
			isa = XCBuildConfiguration;
			buildSettings = {
				ASSETCATALOG_COMPILER_APPICON_NAME = AppIcon;
				ASSETCATALOG_COMPILER_GLOBAL_ACCENT_COLOR_NAME = AccentColor;
				CODE_SIGN_STYLE = Automatic;
				DEVELOPMENT_TEAM = RQHZUCMHSH;
				INFOPLIST_FILE = InstagramProfile/Info.plist;
				LD_RUNPATH_SEARCH_PATHS = (
					"$(inherited)",
					"@executable_path/Frameworks",
				);
				PRODUCT_BUNDLE_IDENTIFIER = seungchan.InstagramProfile;
				PRODUCT_NAME = "$(TARGET_NAME)";
				SWIFT_VERSION = 5.0;
				TARGETED_DEVICE_FAMILY = "1,2";
			};
			name = Release;
		};
/* End XCBuildConfiguration section */

/* Begin XCConfigurationList section */
		ECF24B5026CA99D5000F4354 /* Build configuration list for PBXProject "InstagramProfile" */ = {
			isa = XCConfigurationList;
			buildConfigurations = (
				ECF24B6726CA99D5000F4354 /* Debug */,
				ECF24B6826CA99D5000F4354 /* Release */,
			);
			defaultConfigurationIsVisible = 0;
			defaultConfigurationName = Release;
		};
		ECF24B6926CA99D5000F4354 /* Build configuration list for PBXNativeTarget "InstagramProfile" */ = {
			isa = XCConfigurationList;
			buildConfigurations = (
				ECF24B6A26CA99D5000F4354 /* Debug */,
				ECF24B6B26CA99D5000F4354 /* Release */,
			);
			defaultConfigurationIsVisible = 0;
			defaultConfigurationName = Release;
		};
/* End XCConfigurationList section */
	};
	rootObject = ECF24B4D26CA99D5000F4354 /* Project object */;
}
