// !$*UTF8*$!
{
	archiveVersion = 1;
	classes = {
	};
	objectVersion = 50;
	objects = {

/* Begin PBXBuildFile section */
		EC6E0B6826AF000E00E4668F /* AppDelegate.swift in Sources */ = {isa = PBXBuildFile; fileRef = EC6E0B6726AF000E00E4668F /* AppDelegate.swift */; };
		EC6E0B6A26AF000E00E4668F /* SceneDelegate.swift in Sources */ = {isa = PBXBuildFile; fileRef = EC6E0B6926AF000E00E4668F /* SceneDelegate.swift */; };
		EC6E0B6C26AF000E00E4668F /* ViewController.swift in Sources */ = {isa = PBXBuildFile; fileRef = EC6E0B6B26AF000E00E4668F /* ViewController.swift */; };
		EC6E0B6F26AF000E00E4668F /* Main.storyboard in Resources */ = {isa = PBXBuildFile; fileRef = EC6E0B6D26AF000E00E4668F /* Main.storyboard */; };
		EC6E0B7126AF000F00E4668F /* Assets.xcassets in Resources */ = {isa = PBXBuildFile; fileRef = EC6E0B7026AF000F00E4668F /* Assets.xcassets */; };
		EC6E0B7426AF000F00E4668F /* LaunchScreen.storyboard in Resources */ = {isa = PBXBuildFile; fileRef = EC6E0B7226AF000F00E4668F /* LaunchScreen.storyboard */; };
		EC6E0B8026AF012400E4668F /* SignUpFirstViewController.swift in Sources */ = {isa = PBXBuildFile; fileRef = EC6E0B7F26AF012400E4668F /* SignUpFirstViewController.swift */; };
		EC6E0B8226AF012D00E4668F /* SignUpFirst.storyboard in Resources */ = {isa = PBXBuildFile; fileRef = EC6E0B8126AF012D00E4668F /* SignUpFirst.storyboard */; };
/* End PBXBuildFile section */

/* Begin PBXFileReference section */
		EC6E0B6426AF000E00E4668F /* BoostCourse_week2.app */ = {isa = PBXFileReference; explicitFileType = wrapper.application; includeInIndex = 0; path = BoostCourse_week2.app; sourceTree = BUILT_PRODUCTS_DIR; };
		EC6E0B6726AF000E00E4668F /* AppDelegate.swift */ = {isa = PBXFileReference; lastKnownFileType = sourcecode.swift; path = AppDelegate.swift; sourceTree = "<group>"; };
		EC6E0B6926AF000E00E4668F /* SceneDelegate.swift */ = {isa = PBXFileReference; lastKnownFileType = sourcecode.swift; path = SceneDelegate.swift; sourceTree = "<group>"; };
		EC6E0B6B26AF000E00E4668F /* ViewController.swift */ = {isa = PBXFileReference; lastKnownFileType = sourcecode.swift; path = ViewController.swift; sourceTree = "<group>"; };
		EC6E0B6E26AF000E00E4668F /* Base */ = {isa = PBXFileReference; lastKnownFileType = file.storyboard; name = Base; path = Base.lproj/Main.storyboard; sourceTree = "<group>"; };
		EC6E0B7026AF000F00E4668F /* Assets.xcassets */ = {isa = PBXFileReference; lastKnownFileType = folder.assetcatalog; path = Assets.xcassets; sourceTree = "<group>"; };
		EC6E0B7326AF000F00E4668F /* Base */ = {isa = PBXFileReference; lastKnownFileType = file.storyboard; name = Base; path = Base.lproj/LaunchScreen.storyboard; sourceTree = "<group>"; };
		EC6E0B7526AF000F00E4668F /* Info.plist */ = {isa = PBXFileReference; lastKnownFileType = text.plist.xml; path = Info.plist; sourceTree = "<group>"; };
		EC6E0B7F26AF012400E4668F /* SignUpFirstViewController.swift */ = {isa = PBXFileReference; lastKnownFileType = sourcecode.swift; name = SignUpFirstViewController.swift; path = ../../../../BoostCourse_Week2/BoostCourse_week2/Source/ViewController/SignUpFirstViewController.swift; sourceTree = "<group>"; };
		EC6E0B8126AF012D00E4668F /* SignUpFirst.storyboard */ = {isa = PBXFileReference; lastKnownFileType = file.storyboard; name = SignUpFirst.storyboard; path = ../../../../BoostCourse_Week2/BoostCourse_week2/Resource/Storyboards/SignUpFirst.storyboard; sourceTree = "<group>"; };
/* End PBXFileReference section */

/* Begin PBXFrameworksBuildPhase section */
		EC6E0B6126AF000E00E4668F /* Frameworks */ = {
			isa = PBXFrameworksBuildPhase;
			buildActionMask = 2147483647;
			files = (
			);
			runOnlyForDeploymentPostprocessing = 0;
		};
/* End PBXFrameworksBuildPhase section */

/* Begin PBXGroup section */
		EC6E0B5B26AF000E00E4668F = {
			isa = PBXGroup;
			children = (
				EC6E0B6626AF000E00E4668F /* BoostCourse_week2 */,
				EC6E0B6526AF000E00E4668F /* Products */,
			);
			sourceTree = "<group>";
		};
		EC6E0B6526AF000E00E4668F /* Products */ = {
			isa = PBXGroup;
			children = (
				EC6E0B6426AF000E00E4668F /* BoostCourse_week2.app */,
			);
			name = Products;
			sourceTree = "<group>";
		};
		EC6E0B6626AF000E00E4668F /* BoostCourse_week2 */ = {
			isa = PBXGroup;
			children = (
				EC6E0B7B26AF00ED00E4668F /* Resource */,
				EC6E0B7C26AF00F300E4668F /* Source */,
			);
			path = BoostCourse_week2;
			sourceTree = "<group>";
		};
		EC6E0B7B26AF00ED00E4668F /* Resource */ = {
			isa = PBXGroup;
			children = (
				EC6E0B7D26AF010000E4668F /* Storyboards */,
				EC6E0B6726AF000E00E4668F /* AppDelegate.swift */,
				EC6E0B6926AF000E00E4668F /* SceneDelegate.swift */,
				EC6E0B7026AF000F00E4668F /* Assets.xcassets */,
				EC6E0B7226AF000F00E4668F /* LaunchScreen.storyboard */,
				EC6E0B7526AF000F00E4668F /* Info.plist */,
			);
			path = Resource;
			sourceTree = "<group>";
		};
		EC6E0B7C26AF00F300E4668F /* Source */ = {
			isa = PBXGroup;
			children = (
				EC6E0B7E26AF010C00E4668F /* ViewController */,
			);
			path = Source;
			sourceTree = "<group>";
		};
		EC6E0B7D26AF010000E4668F /* Storyboards */ = {
			isa = PBXGroup;
			children = (
				EC6E0B6D26AF000E00E4668F /* Main.storyboard */,
				EC6E0B8126AF012D00E4668F /* SignUpFirst.storyboard */,
			);
			path = Storyboards;
			sourceTree = "<group>";
		};
		EC6E0B7E26AF010C00E4668F /* ViewController */ = {
			isa = PBXGroup;
			children = (
				EC6E0B6B26AF000E00E4668F /* ViewController.swift */,
				EC6E0B7F26AF012400E4668F /* SignUpFirstViewController.swift */,
			);
			path = ViewController;
			sourceTree = "<group>";
		};
/* End PBXGroup section */

/* Begin PBXNativeTarget section */
		EC6E0B6326AF000E00E4668F /* BoostCourse_week2 */ = {
			isa = PBXNativeTarget;
			buildConfigurationList = EC6E0B7826AF000F00E4668F /* Build configuration list for PBXNativeTarget "BoostCourse_week2" */;
			buildPhases = (
				EC6E0B6026AF000E00E4668F /* Sources */,
				EC6E0B6126AF000E00E4668F /* Frameworks */,
				EC6E0B6226AF000E00E4668F /* Resources */,
			);
			buildRules = (
			);
			dependencies = (
			);
			name = BoostCourse_week2;
			productName = BoostCourse_week2;
			productReference = EC6E0B6426AF000E00E4668F /* BoostCourse_week2.app */;
			productType = "com.apple.product-type.application";
		};
/* End PBXNativeTarget section */

/* Begin PBXProject section */
		EC6E0B5C26AF000E00E4668F /* Project object */ = {
			isa = PBXProject;
			attributes = {
				LastSwiftUpdateCheck = 1250;
				LastUpgradeCheck = 1250;
				TargetAttributes = {
					EC6E0B6326AF000E00E4668F = {
						CreatedOnToolsVersion = 12.5.1;
					};
				};
			};
			buildConfigurationList = EC6E0B5F26AF000E00E4668F /* Build configuration list for PBXProject "BoostCourse_week2" */;
			compatibilityVersion = "Xcode 9.3";
			developmentRegion = en;
			hasScannedForEncodings = 0;
			knownRegions = (
				en,
				Base,
			);
			mainGroup = EC6E0B5B26AF000E00E4668F;
			productRefGroup = EC6E0B6526AF000E00E4668F /* Products */;
			projectDirPath = "";
			projectRoot = "";
			targets = (
				EC6E0B6326AF000E00E4668F /* BoostCourse_week2 */,
			);
		};
/* End PBXProject section */

/* Begin PBXResourcesBuildPhase section */
		EC6E0B6226AF000E00E4668F /* Resources */ = {
			isa = PBXResourcesBuildPhase;
			buildActionMask = 2147483647;
			files = (
				EC6E0B7426AF000F00E4668F /* LaunchScreen.storyboard in Resources */,
				EC6E0B7126AF000F00E4668F /* Assets.xcassets in Resources */,
				EC6E0B6F26AF000E00E4668F /* Main.storyboard in Resources */,
				EC6E0B8226AF012D00E4668F /* SignUpFirst.storyboard in Resources */,
			);
			runOnlyForDeploymentPostprocessing = 0;
		};
/* End PBXResourcesBuildPhase section */

/* Begin PBXSourcesBuildPhase section */
		EC6E0B6026AF000E00E4668F /* Sources */ = {
			isa = PBXSourcesBuildPhase;
			buildActionMask = 2147483647;
			files = (
				EC6E0B6C26AF000E00E4668F /* ViewController.swift in Sources */,
				EC6E0B6826AF000E00E4668F /* AppDelegate.swift in Sources */,
				EC6E0B6A26AF000E00E4668F /* SceneDelegate.swift in Sources */,
				EC6E0B8026AF012400E4668F /* SignUpFirstViewController.swift in Sources */,
			);
			runOnlyForDeploymentPostprocessing = 0;
		};
/* End PBXSourcesBuildPhase section */

/* Begin PBXVariantGroup section */
		EC6E0B6D26AF000E00E4668F /* Main.storyboard */ = {
			isa = PBXVariantGroup;
			children = (
				EC6E0B6E26AF000E00E4668F /* Base */,
			);
			name = Main.storyboard;
			sourceTree = "<group>";
		};
		EC6E0B7226AF000F00E4668F /* LaunchScreen.storyboard */ = {
			isa = PBXVariantGroup;
			children = (
				EC6E0B7326AF000F00E4668F /* Base */,
			);
			name = LaunchScreen.storyboard;
			sourceTree = "<group>";
		};
/* End PBXVariantGroup section */

/* Begin XCBuildConfiguration section */
		EC6E0B7626AF000F00E4668F /* Debug */ = {
			isa = XCBuildConfiguration;
			buildSettings = {
				ALWAYS_SEARCH_USER_PATHS = NO;
				CLANG_ANALYZER_NONNULL = YES;
				CLANG_ANALYZER_NUMBER_OBJECT_CONVERSION = YES_AGGRESSIVE;
				CLANG_CXX_LANGUAGE_STANDARD = "gnu++14";
				CLANG_CXX_LIBRARY = "libc++";
				CLANG_ENABLE_MODULES = YES;
				CLANG_ENABLE_OBJC_ARC = YES;
				CLANG_ENABLE_OBJC_WEAK = YES;
				CLANG_WARN_BLOCK_CAPTURE_AUTORELEASING = YES;
				CLANG_WARN_BOOL_CONVERSION = YES;
				CLANG_WARN_COMMA = YES;
				CLANG_WARN_CONSTANT_CONVERSION = YES;
				CLANG_WARN_DEPRECATED_OBJC_IMPLEMENTATIONS = YES;
				CLANG_WARN_DIRECT_OBJC_ISA_USAGE = YES_ERROR;
				CLANG_WARN_DOCUMENTATION_COMMENTS = YES;
				CLANG_WARN_EMPTY_BODY = YES;
				CLANG_WARN_ENUM_CONVERSION = YES;
				CLANG_WARN_INFINITE_RECURSION = YES;
				CLANG_WARN_INT_CONVERSION = YES;
				CLANG_WARN_NON_LITERAL_NULL_CONVERSION = YES;
				CLANG_WARN_OBJC_IMPLICIT_RETAIN_SELF = YES;
				CLANG_WARN_OBJC_LITERAL_CONVERSION = YES;
				CLANG_WARN_OBJC_ROOT_CLASS = YES_ERROR;
				CLANG_WARN_QUOTED_INCLUDE_IN_FRAMEWORK_HEADER = YES;
				CLANG_WARN_RANGE_LOOP_ANALYSIS = YES;
				CLANG_WARN_STRICT_PROTOTYPES = YES;
				CLANG_WARN_SUSPICIOUS_MOVE = YES;
				CLANG_WARN_UNGUARDED_AVAILABILITY = YES_AGGRESSIVE;
				CLANG_WARN_UNREACHABLE_CODE = YES;
				CLANG_WARN__DUPLICATE_METHOD_MATCH = YES;
				COPY_PHASE_STRIP = NO;
				DEBUG_INFORMATION_FORMAT = dwarf;
				ENABLE_STRICT_OBJC_MSGSEND = YES;
				ENABLE_TESTABILITY = YES;
				GCC_C_LANGUAGE_STANDARD = gnu11;
				GCC_DYNAMIC_NO_PIC = NO;
				GCC_NO_COMMON_BLOCKS = YES;
				GCC_OPTIMIZATION_LEVEL = 0;
				GCC_PREPROCESSOR_DEFINITIONS = (
					"DEBUG=1",
					"$(inherited)",
				);
				GCC_WARN_64_TO_32_BIT_CONVERSION = YES;
				GCC_WARN_ABOUT_RETURN_TYPE = YES_ERROR;
				GCC_WARN_UNDECLARED_SELECTOR = YES;
				GCC_WARN_UNINITIALIZED_AUTOS = YES_AGGRESSIVE;
				GCC_WARN_UNUSED_FUNCTION = YES;
				GCC_WARN_UNUSED_VARIABLE = YES;
				IPHONEOS_DEPLOYMENT_TARGET = 14.5;
				MTL_ENABLE_DEBUG_INFO = INCLUDE_SOURCE;
				MTL_FAST_MATH = YES;
				ONLY_ACTIVE_ARCH = YES;
				SDKROOT = iphoneos;
				SWIFT_ACTIVE_COMPILATION_CONDITIONS = DEBUG;
				SWIFT_OPTIMIZATION_LEVEL = "-Onone";
			};
			name = Debug;
		};
		EC6E0B7726AF000F00E4668F /* Release */ = {
			isa = XCBuildConfiguration;
			buildSettings = {
				ALWAYS_SEARCH_USER_PATHS = NO;
				CLANG_ANALYZER_NONNULL = YES;
				CLANG_ANALYZER_NUMBER_OBJECT_CONVERSION = YES_AGGRESSIVE;
				CLANG_CXX_LANGUAGE_STANDARD = "gnu++14";
				CLANG_CXX_LIBRARY = "libc++";
				CLANG_ENABLE_MODULES = YES;
				CLANG_ENABLE_OBJC_ARC = YES;
				CLANG_ENABLE_OBJC_WEAK = YES;
				CLANG_WARN_BLOCK_CAPTURE_AUTORELEASING = YES;
				CLANG_WARN_BOOL_CONVERSION = YES;
				CLANG_WARN_COMMA = YES;
				CLANG_WARN_CONSTANT_CONVERSION = YES;
				CLANG_WARN_DEPRECATED_OBJC_IMPLEMENTATIONS = YES;
				CLANG_WARN_DIRECT_OBJC_ISA_USAGE = YES_ERROR;
				CLANG_WARN_DOCUMENTATION_COMMENTS = YES;
				CLANG_WARN_EMPTY_BODY = YES;
				CLANG_WARN_ENUM_CONVERSION = YES;
				CLANG_WARN_INFINITE_RECURSION = YES;
				CLANG_WARN_INT_CONVERSION = YES;
				CLANG_WARN_NON_LITERAL_NULL_CONVERSION = YES;
				CLANG_WARN_OBJC_IMPLICIT_RETAIN_SELF = YES;
				CLANG_WARN_OBJC_LITERAL_CONVERSION = YES;
				CLANG_WARN_OBJC_ROOT_CLASS = YES_ERROR;
				CLANG_WARN_QUOTED_INCLUDE_IN_FRAMEWORK_HEADER = YES;
				CLANG_WARN_RANGE_LOOP_ANALYSIS = YES;
				CLANG_WARN_STRICT_PROTOTYPES = YES;
				CLANG_WARN_SUSPICIOUS_MOVE = YES;
				CLANG_WARN_UNGUARDED_AVAILABILITY = YES_AGGRESSIVE;
				CLANG_WARN_UNREACHABLE_CODE = YES;
				CLANG_WARN__DUPLICATE_METHOD_MATCH = YES;
				COPY_PHASE_STRIP = NO;
				DEBUG_INFORMATION_FORMAT = "dwarf-with-dsym";
				ENABLE_NS_ASSERTIONS = NO;
				ENABLE_STRICT_OBJC_MSGSEND = YES;
				GCC_C_LANGUAGE_STANDARD = gnu11;
				GCC_NO_COMMON_BLOCKS = YES;
				GCC_WARN_64_TO_32_BIT_CONVERSION = YES;
				GCC_WARN_ABOUT_RETURN_TYPE = YES_ERROR;
				GCC_WARN_UNDECLARED_SELECTOR = YES;
				GCC_WARN_UNINITIALIZED_AUTOS = YES_AGGRESSIVE;
				GCC_WARN_UNUSED_FUNCTION = YES;
				GCC_WARN_UNUSED_VARIABLE = YES;
				IPHONEOS_DEPLOYMENT_TARGET = 14.5;
				MTL_ENABLE_DEBUG_INFO = NO;
				MTL_FAST_MATH = YES;
				SDKROOT = iphoneos;
				SWIFT_COMPILATION_MODE = wholemodule;
				SWIFT_OPTIMIZATION_LEVEL = "-O";
				VALIDATE_PRODUCT = YES;
			};
			name = Release;
		};
		EC6E0B7926AF000F00E4668F /* Debug */ = {
			isa = XCBuildConfiguration;
			buildSettings = {
				ASSETCATALOG_COMPILER_APPICON_NAME = AppIcon;
				ASSETCATALOG_COMPILER_GLOBAL_ACCENT_COLOR_NAME = AccentColor;
				CODE_SIGN_STYLE = Automatic;
				DEVELOPMENT_TEAM = RQHZUCMHSH;
				INFOPLIST_FILE = "$(SRCROOT)/BoostCourse_week2/Resource/Info.plist";
				LD_RUNPATH_SEARCH_PATHS = (
					"$(inherited)",
					"@executable_path/Frameworks",
				);
				PRODUCT_BUNDLE_IDENTIFIER = "seungchan.BoostCourse-week2";
				PRODUCT_NAME = "$(TARGET_NAME)";
				SWIFT_VERSION = 5.0;
				TARGETED_DEVICE_FAMILY = "1,2";
			};
			name = Debug;
		};
		EC6E0B7A26AF000F00E4668F /* Release */ = {
			isa = XCBuildConfiguration;
			buildSettings = {
				ASSETCATALOG_COMPILER_APPICON_NAME = AppIcon;
				ASSETCATALOG_COMPILER_GLOBAL_ACCENT_COLOR_NAME = AccentColor;
				CODE_SIGN_STYLE = Automatic;
				DEVELOPMENT_TEAM = RQHZUCMHSH;
				INFOPLIST_FILE = "$(SRCROOT)/BoostCourse_week2/Resource/Info.plist";
				LD_RUNPATH_SEARCH_PATHS = (
					"$(inherited)",
					"@executable_path/Frameworks",
				);
				PRODUCT_BUNDLE_IDENTIFIER = "seungchan.BoostCourse-week2";
				PRODUCT_NAME = "$(TARGET_NAME)";
				SWIFT_VERSION = 5.0;
				TARGETED_DEVICE_FAMILY = "1,2";
			};
			name = Release;
		};
/* End XCBuildConfiguration section */

/* Begin XCConfigurationList section */
		EC6E0B5F26AF000E00E4668F /* Build configuration list for PBXProject "BoostCourse_week2" */ = {
			isa = XCConfigurationList;
			buildConfigurations = (
				EC6E0B7626AF000F00E4668F /* Debug */,
				EC6E0B7726AF000F00E4668F /* Release */,
			);
			defaultConfigurationIsVisible = 0;
			defaultConfigurationName = Release;
		};
		EC6E0B7826AF000F00E4668F /* Build configuration list for PBXNativeTarget "BoostCourse_week2" */ = {
			isa = XCConfigurationList;
			buildConfigurations = (
				EC6E0B7926AF000F00E4668F /* Debug */,
				EC6E0B7A26AF000F00E4668F /* Release */,
			);
			defaultConfigurationIsVisible = 0;
			defaultConfigurationName = Release;
		};
/* End XCConfigurationList section */
	};
	rootObject = EC6E0B5C26AF000E00E4668F /* Project object */;
}
